{
  "requires": true,
  "lockfileVersion": 1,
  "dependencies": {
    "graphene-js": {
      "version": "0.5.1",
      "resolved": "https://registry.npmjs.org/graphene-js/-/graphene-js-0.5.1.tgz",
      "integrity": "sha1-2HNxes6TisEXjtH5uNvup1VzbDM=",
      "requires": {
        "graphql": "0.12.3",
        "graphql-iso-date": "3.5.0",
        "reflect-metadata": "0.1.12"
      }
    },
    "graphql": {
      "version": "0.12.3",
      "resolved": "https://registry.npmjs.org/graphql/-/graphql-0.12.3.tgz",
      "integrity": "sha512-Hn9rdu4zacplKXNrLCvR8YFiTGnbM4Zw/UH8FDmzBDsH7ou40lSNH4tIlsxcYnz2TGNVJCpu1WxCM23yd6kzhA==",
      "requires": {
        "iterall": "1.1.3"
      }
    },
    "graphql-iso-date": {
      "version": "3.5.0",
      "resolved": "https://registry.npmjs.org/graphql-iso-date/-/graphql-iso-date-3.5.0.tgz",
      "integrity": "sha512-xs+8agn0OPzbiQf91aoyiZ3xC/oq4q/iJ4q1yY7hD0mbgcYBrqnZ4R+ycBZLGdb84rON1wNfqY4BDMyQG50OOg=="
    },
    "iterall": {
      "version": "1.1.3",
      "resolved": "https://registry.npmjs.org/iterall/-/iterall-1.1.3.tgz",
      "integrity": "sha512-Cu/kb+4HiNSejAPhSaN1VukdNTTi/r4/e+yykqjlG/IW+1gZH5b4+Bq3whDX4tvbYugta3r8KTMUiqT3fIGxuQ=="
    },
    "reflect-metadata": {
      "version": "0.1.12",
      "resolved": "https://registry.npmjs.org/reflect-metadata/-/reflect-metadata-0.1.12.tgz",
      "integrity": "sha512-n+IyV+nGz3+0q3/Yf1ra12KpCyi001bi4XFxSjbiWWjfqb52iTTtpGXmCCAOWWIAn9KEuFZKGqBERHmrtScZ3A=="
    }
  }
}
